
Microsoft Visual Studio Solution File, Format Version 12.00
# Visual Studio Version 17
VisualStudioVersion = 17.13.35931.197
MinimumVisualStudioVersion = 10.0.40219.1
Project("{FAE04EC0-301F-11D3-BF4B-00C04F79EFBC}") = "Ex04.Menus.Interfaces", "Ex04.Menus.Interfaces.csproj", "{4C684835-14B8-4F60-B25A-0324FAC76215}"
EndProject
Project("{FAE04EC0-301F-11D3-BF4B-00C04F79EFBC}") = "Ex04.Menus.Test", "..\Ex04.Menus.Test\Ex04.Menus.Test.csproj", "{C3B1EDBD-85AF-4D05-8A0E-4958AFC4D586}"
EndProject
Project("{FAE04EC0-301F-11D3-BF4B-00C04F79EFBC}") = "Ex04.Menus.Events", "..\Ex04.Menus.Events\Ex04.Menus.Events.csproj", "{D139D47F-F158-4764-9F6D-9ECB23D64B1C}"
EndProject
Global
	GlobalSection(SolutionConfigurationPlatforms) = preSolution
		Debug|Any CPU = Debug|Any CPU
		Release|Any CPU = Release|Any CPU
	EndGlobalSection
	GlobalSection(ProjectConfigurationPlatforms) = postSolution
		{4C684835-14B8-4F60-B25A-0324FAC76215}.Debug|Any CPU.ActiveCfg = Debug|Any CPU
		{4C684835-14B8-4F60-B25A-0324FAC76215}.Debug|Any CPU.Build.0 = Debug|Any CPU
		{4C684835-14B8-4F60-B25A-0324FAC76215}.Release|Any CPU.ActiveCfg = Release|Any CPU
		{4C684835-14B8-4F60-B25A-0324FAC76215}.Release|Any CPU.Build.0 = Release|Any CPU
		{C3B1EDBD-85AF-4D05-8A0E-4958AFC4D586}.Debug|Any CPU.ActiveCfg = Debug|Any CPU
		{C3B1EDBD-85AF-4D05-8A0E-4958AFC4D586}.Debug|Any CPU.Build.0 = Debug|Any CPU
		{C3B1EDBD-85AF-4D05-8A0E-4958AFC4D586}.Release|Any CPU.ActiveCfg = Release|Any CPU
		{C3B1EDBD-85AF-4D05-8A0E-4958AFC4D586}.Release|Any CPU.Build.0 = Release|Any CPU
		{D139D47F-F158-4764-9F6D-9ECB23D64B1C}.Debug|Any CPU.ActiveCfg = Debug|Any CPU
		{D139D47F-F158-4764-9F6D-9ECB23D64B1C}.Debug|Any CPU.Build.0 = Debug|Any CPU
		{D139D47F-F158-4764-9F6D-9ECB23D64B1C}.Release|Any CPU.ActiveCfg = Release|Any CPU
		{D139D47F-F158-4764-9F6D-9ECB23D64B1C}.Release|Any CPU.Build.0 = Release|Any CPU
	EndGlobalSection
	GlobalSection(SolutionProperties) = preSolution
		HideSolutionNode = FALSE
	EndGlobalSection
	GlobalSection(ExtensibilityGlobals) = postSolution
		SolutionGuid = {0BED592B-0E89-411C-94F1-8D4FAF132E9B}
	EndGlobalSection
EndGlobal
